
Microsoft Visual Studio Solution File, Format Version 12.00
# Visual Studio Version 17
VisualStudioVersion = 17.0.31912.275
MinimumVisualStudioVersion = 10.0.40219.1
Project("{9A19103F-16F7-4668-BE54-9A1E7A4F7556}") = "UniversalExpressionParser", "UniversalExpressionParser\UniversalExpressionParser.csproj", "{835EF7BE-1181-4CBE-93A7-3472D708E843}"
EndProject
Project("{9A19103F-16F7-4668-BE54-9A1E7A4F7556}") = "UniversalExpressionParser.Tests", "UniversalExpressionParser.Tests\UniversalExpressionParser.Tests.csproj", "{76CCE35C-D797-41AF-A7BA-1D14DB1E5CC2}"
EndProject
Project("{2150E333-8FDC-42A3-9474-1A3956D46DE8}") = "Dependencies", "Dependencies", "{D3294509-1340-4682-BFF4-03C75B6FBED9}"
	ProjectSection(SolutionItems) = preProject
		DEPENDENCIES.README.txt = DEPENDENCIES.README.txt
	EndProjectSection
EndProject
Project("{9A19103F-16F7-4668-BE54-9A1E7A4F7556}") = "TextParser", "..\TextParser\TextParser\TextParser.csproj", "{1C38DABB-A2D5-44E9-A9C7-925FFC035827}"
EndProject
Project("{9A19103F-16F7-4668-BE54-9A1E7A4F7556}") = "TestsSharedLibrary", "..\TestsSharedLibrary\TestsSharedLibrary.csproj", "{A5539EA9-00D4-4654-A685-D8A368C4037D}"
EndProject
Project("{9A19103F-16F7-4668-BE54-9A1E7A4F7556}") = "OROptimizer.Shared", "..\OROptimizer.Shared\OROptimizer.Shared\OROptimizer.Shared.csproj", "{78C6BF15-C2ED-44C8-9370-92CBCD0CD114}"
EndProject
Project("{9A19103F-16F7-4668-BE54-9A1E7A4F7556}") = "UniversalExpressionParser.DemoExpressionLanguageProviders", "UniversalExpressionParser.DemoExpressionLanguageProviders\UniversalExpressionParser.DemoExpressionLanguageProviders.csproj", "{F92995A1-4409-4EE0-8945-8211804E3AB1}"
EndProject
Project("{9A19103F-16F7-4668-BE54-9A1E7A4F7556}") = "TestsSharedLibraryForCodeParsers", "..\TestsSharedLibraryForCodeParsers\TestsSharedLibraryForCodeParsers.csproj", "{D642986D-19C4-4EC3-97A9-0C6B575E425F}"
EndProject
Project("{2150E333-8FDC-42A3-9474-1A3956D46DE8}") = "Solution Items", "Solution Items", "{71DAD493-B3DE-4AEE-A778-D46F891F38A8}"
	ProjectSection(SolutionItems) = preProject
		.readthedocs.yaml = .readthedocs.yaml
		..\ClassVisualizer\LICENSE.txt = ..\ClassVisualizer\LICENSE.txt
		README.md = README.md
		README.md.template = README.md.template
		README_AUTO_GENERATION_INFO_README.txt = README_AUTO_GENERATION_INFO_README.txt
		Directory.Build.props = Directory.Build.props
	EndProjectSection
EndProject
Project("{9A19103F-16F7-4668-BE54-9A1E7A4F7556}") = "FileInclude", "..\FileInclude\FileInclude\FileInclude.csproj", "{4E0C22FB-F788-457B-A4E7-C258F73EDB4B}"
EndProject
Project("{9A19103F-16F7-4668-BE54-9A1E7A4F7556}") = "ClassVisualizer", "..\ClassVisualizer\ClassVisualizer\ClassVisualizer.csproj", "{D115F9F0-1E5E-4251-888F-18B1F40AC19F}"
EndProject
Project("{9A19103F-16F7-4668-BE54-9A1E7A4F7556}") = "UniversalExpressionParser.ClassVisualizers", "UniversalExpressionParser.ClassVisualizers\UniversalExpressionParser.ClassVisualizers.csproj", "{7283420A-D0D6-4F8B-9C6A-1638517D685A}"
EndProject
Project("{2150E333-8FDC-42A3-9474-1A3956D46DE8}") = "docs", "docs", "{2F20B668-4A23-41BA-82B3-31832B8B4CBE}"
	ProjectSection(SolutionItems) = preProject
		docs\conf.py = docs\conf.py
		docs\functions-and-braces.rst = docs\functions-and-braces.rst
		docs\functions-and-braces.rst.generationdata = docs\functions-and-braces.rst.generationdata
		docs\index.rst = docs\index.rst
		docs\index.rst.generationdata = docs\index.rst.generationdata
		docs\literals.rst = docs\literals.rst
		docs\literals.rst.generationdata = docs\literals.rst.generationdata
		docs\make.bat = docs\make.bat
		docs\Makefile = docs\Makefile
		docs\numeric-values.rst = docs\numeric-values.rst
		docs\numeric-values.rst.generationdata = docs\numeric-values.rst.generationdata
		docs\operators.rst = docs\operators.rst
		docs\operators.rst.generationdata = docs\operators.rst.generationdata
		docs\README.md = docs\README.md
		docs\summary.rst = docs\summary.rst
		docs\summary.rst.generationdata = docs\summary.rst.generationdata
		docs\texts.rst = docs\texts.rst
		docs\texts.rst.generationdata = docs\texts.rst.generationdata
	EndProjectSection
EndProject
Project("{2150E333-8FDC-42A3-9474-1A3956D46DE8}") = "_static", "_static", "{4A6E57B4-12F8-4862-A6C2-7AB0A4431351}"
EndProject
Project("{2150E333-8FDC-42A3-9474-1A3956D46DE8}") = "_templates", "_templates", "{060E3641-EB92-476F-87B9-98392FD68DDB}"
EndProject
Project("{2150E333-8FDC-42A3-9474-1A3956D46DE8}") = "css", "css", "{6842C7A6-F9B5-4A12-BB0B-9F34A305035F}"
	ProjectSection(SolutionItems) = preProject
		docs\_static\css\custom.css = docs\_static\css\custom.css
	EndProjectSection
EndProject
Project("{9A19103F-16F7-4668-BE54-9A1E7A4F7556}") = "UniversalExpressionParser.DocumentationGenerator", "UniversalExpressionParser.DocumentationGenerator\UniversalExpressionParser.DocumentationGenerator.csproj", "{37502E04-4567-456C-A228-3A522E10D554}"
EndProject
Project("{9A19103F-16F7-4668-BE54-9A1E7A4F7556}") = "OROptimizer.Shared.Log4Net", "..\OROptimizer.Shared.Log4Net\OROptimizer.Shared.Log4Net\OROptimizer.Shared.Log4Net.csproj", "{708A37A8-BF1D-4012-AC2E-8E7E5B016504}"
EndProject
Project("{2150E333-8FDC-42A3-9474-1A3956D46DE8}") = "ClassVisualizer", "ClassVisualizer", "{BA8605AC-87DF-4565-908A-756A9557C454}"
	ProjectSection(SolutionItems) = preProject
		..\ClassVisualizer\Directory.Build.props = ..\ClassVisualizer\Directory.Build.props
	EndProjectSection
EndProject
Project("{2150E333-8FDC-42A3-9474-1A3956D46DE8}") = "FileInclude", "FileInclude", "{C2BDB829-3A58-414D-AF8B-F31736171438}"
	ProjectSection(SolutionItems) = preProject
		..\FileInclude\Directory.Build.props = ..\FileInclude\Directory.Build.props
	EndProjectSection
EndProject
Project("{2150E333-8FDC-42A3-9474-1A3956D46DE8}") = "OROptimizer.Shared", "OROptimizer.Shared", "{BAFED6BB-66CF-4847-BBB2-6D58B211FBAF}"
EndProject
Project("{2150E333-8FDC-42A3-9474-1A3956D46DE8}") = "OROptimizer.Shared.Log4Net", "OROptimizer.Shared.Log4Net", "{8A241DB4-2486-49E7-BAF1-07A6A152B5D7}"
	ProjectSection(SolutionItems) = preProject
		..\OROptimizer.Shared.Log4Net\Directory.Build.props = ..\OROptimizer.Shared.Log4Net\Directory.Build.props
	EndProjectSection
EndProject
Project("{2150E333-8FDC-42A3-9474-1A3956D46DE8}") = "TestsSharedLibrary", "TestsSharedLibrary", "{D1294F46-03D5-49EB-B32A-BFC6FD939CC5}"
	ProjectSection(SolutionItems) = preProject
		..\TestsSharedLibrary\Directory.Build.props = ..\TestsSharedLibrary\Directory.Build.props
	EndProjectSection
EndProject
Project("{2150E333-8FDC-42A3-9474-1A3956D46DE8}") = "TestsSharedLibraryForCodeParsers", "TestsSharedLibraryForCodeParsers", "{002ACA64-B686-400F-8C8B-D63D2442AC88}"
	ProjectSection(SolutionItems) = preProject
		..\TestsSharedLibraryForCodeParsers\Directory.Build.props = ..\TestsSharedLibraryForCodeParsers\Directory.Build.props
	EndProjectSection
EndProject
Project("{2150E333-8FDC-42A3-9474-1A3956D46DE8}") = "TextParser", "TextParser", "{105A9D34-F435-4840-AA1D-2C4F645827C4}"
EndProject
Global
	GlobalSection(SolutionConfigurationPlatforms) = preSolution
		Debug|Any CPU = Debug|Any CPU
		Debug|ARM = Debug|ARM
		Debug|ARM64 = Debug|ARM64
		Debug|x64 = Debug|x64
		Debug|x86 = Debug|x86
		DebugCodeAnalysis|Any CPU = DebugCodeAnalysis|Any CPU
		DebugCodeAnalysis|ARM = DebugCodeAnalysis|ARM
		DebugCodeAnalysis|ARM64 = DebugCodeAnalysis|ARM64
		DebugCodeAnalysis|x64 = DebugCodeAnalysis|x64
		DebugCodeAnalysis|x86 = DebugCodeAnalysis|x86
		Release|Any CPU = Release|Any CPU
		Release|ARM = Release|ARM
		Release|ARM64 = Release|ARM64
		Release|x64 = Release|x64
		Release|x86 = Release|x86
	EndGlobalSection
	GlobalSection(ProjectConfigurationPlatforms) = postSolution
		{835EF7BE-1181-4CBE-93A7-3472D708E843}.Debug|Any CPU.ActiveCfg = Debug|Any CPU
		{835EF7BE-1181-4CBE-93A7-3472D708E843}.Debug|Any CPU.Build.0 = Debug|Any CPU
		{835EF7BE-1181-4CBE-93A7-3472D708E843}.Debug|ARM.ActiveCfg = Debug|Any CPU
		{835EF7BE-1181-4CBE-93A7-3472D708E843}.Debug|ARM.Build.0 = Debug|Any CPU
		{835EF7BE-1181-4CBE-93A7-3472D708E843}.Debug|ARM64.ActiveCfg = Debug|Any CPU
		{835EF7BE-1181-4CBE-93A7-3472D708E843}.Debug|ARM64.Build.0 = Debug|Any CPU
		{835EF7BE-1181-4CBE-93A7-3472D708E843}.Debug|x64.ActiveCfg = Debug|Any CPU
		{835EF7BE-1181-4CBE-93A7-3472D708E843}.Debug|x64.Build.0 = Debug|Any CPU
		{835EF7BE-1181-4CBE-93A7-3472D708E843}.Debug|x86.ActiveCfg = Debug|Any CPU
		{835EF7BE-1181-4CBE-93A7-3472D708E843}.Debug|x86.Build.0 = Debug|Any CPU
		{835EF7BE-1181-4CBE-93A7-3472D708E843}.DebugCodeAnalysis|Any CPU.ActiveCfg = Debug|Any CPU
		{835EF7BE-1181-4CBE-93A7-3472D708E843}.DebugCodeAnalysis|Any CPU.Build.0 = Debug|Any CPU
		{835EF7BE-1181-4CBE-93A7-3472D708E843}.DebugCodeAnalysis|ARM.ActiveCfg = Debug|Any CPU
		{835EF7BE-1181-4CBE-93A7-3472D708E843}.DebugCodeAnalysis|ARM.Build.0 = Debug|Any CPU
		{835EF7BE-1181-4CBE-93A7-3472D708E843}.DebugCodeAnalysis|ARM64.ActiveCfg = Debug|Any CPU
		{835EF7BE-1181-4CBE-93A7-3472D708E843}.DebugCodeAnalysis|ARM64.Build.0 = Debug|Any CPU
		{835EF7BE-1181-4CBE-93A7-3472D708E843}.DebugCodeAnalysis|x64.ActiveCfg = Debug|Any CPU
		{835EF7BE-1181-4CBE-93A7-3472D708E843}.DebugCodeAnalysis|x64.Build.0 = Debug|Any CPU
		{835EF7BE-1181-4CBE-93A7-3472D708E843}.DebugCodeAnalysis|x86.ActiveCfg = Debug|Any CPU
		{835EF7BE-1181-4CBE-93A7-3472D708E843}.DebugCodeAnalysis|x86.Build.0 = Debug|Any CPU
		{835EF7BE-1181-4CBE-93A7-3472D708E843}.Release|Any CPU.ActiveCfg = Release|Any CPU
		{835EF7BE-1181-4CBE-93A7-3472D708E843}.Release|Any CPU.Build.0 = Release|Any CPU
		{835EF7BE-1181-4CBE-93A7-3472D708E843}.Release|ARM.ActiveCfg = Release|Any CPU
		{835EF7BE-1181-4CBE-93A7-3472D708E843}.Release|ARM.Build.0 = Release|Any CPU
		{835EF7BE-1181-4CBE-93A7-3472D708E843}.Release|ARM64.ActiveCfg = Release|Any CPU
		{835EF7BE-1181-4CBE-93A7-3472D708E843}.Release|ARM64.Build.0 = Release|Any CPU
		{835EF7BE-1181-4CBE-93A7-3472D708E843}.Release|x64.ActiveCfg = Release|Any CPU
		{835EF7BE-1181-4CBE-93A7-3472D708E843}.Release|x64.Build.0 = Release|Any CPU
		{835EF7BE-1181-4CBE-93A7-3472D708E843}.Release|x86.ActiveCfg = Release|Any CPU
		{835EF7BE-1181-4CBE-93A7-3472D708E843}.Release|x86.Build.0 = Release|Any CPU
		{76CCE35C-D797-41AF-A7BA-1D14DB1E5CC2}.Debug|Any CPU.ActiveCfg = Debug|Any CPU
		{76CCE35C-D797-41AF-A7BA-1D14DB1E5CC2}.Debug|Any CPU.Build.0 = Debug|Any CPU
		{76CCE35C-D797-41AF-A7BA-1D14DB1E5CC2}.Debug|ARM.ActiveCfg = Debug|Any CPU
		{76CCE35C-D797-41AF-A7BA-1D14DB1E5CC2}.Debug|ARM.Build.0 = Debug|Any CPU
		{76CCE35C-D797-41AF-A7BA-1D14DB1E5CC2}.Debug|ARM64.ActiveCfg = Debug|Any CPU
		{76CCE35C-D797-41AF-A7BA-1D14DB1E5CC2}.Debug|ARM64.Build.0 = Debug|Any CPU
		{76CCE35C-D797-41AF-A7BA-1D14DB1E5CC2}.Debug|x64.ActiveCfg = Debug|Any CPU
		{76CCE35C-D797-41AF-A7BA-1D14DB1E5CC2}.Debug|x64.Build.0 = Debug|Any CPU
		{76CCE35C-D797-41AF-A7BA-1D14DB1E5CC2}.Debug|x86.ActiveCfg = Debug|Any CPU
		{76CCE35C-D797-41AF-A7BA-1D14DB1E5CC2}.Debug|x86.Build.0 = Debug|Any CPU
		{76CCE35C-D797-41AF-A7BA-1D14DB1E5CC2}.DebugCodeAnalysis|Any CPU.ActiveCfg = Debug|Any CPU
		{76CCE35C-D797-41AF-A7BA-1D14DB1E5CC2}.DebugCodeAnalysis|Any CPU.Build.0 = Debug|Any CPU
		{76CCE35C-D797-41AF-A7BA-1D14DB1E5CC2}.DebugCodeAnalysis|ARM.ActiveCfg = Debug|Any CPU
		{76CCE35C-D797-41AF-A7BA-1D14DB1E5CC2}.DebugCodeAnalysis|ARM.Build.0 = Debug|Any CPU
		{76CCE35C-D797-41AF-A7BA-1D14DB1E5CC2}.DebugCodeAnalysis|ARM64.ActiveCfg = Debug|Any CPU
		{76CCE35C-D797-41AF-A7BA-1D14DB1E5CC2}.DebugCodeAnalysis|ARM64.Build.0 = Debug|Any CPU
		{76CCE35C-D797-41AF-A7BA-1D14DB1E5CC2}.DebugCodeAnalysis|x64.ActiveCfg = Debug|Any CPU
		{76CCE35C-D797-41AF-A7BA-1D14DB1E5CC2}.DebugCodeAnalysis|x64.Build.0 = Debug|Any CPU
		{76CCE35C-D797-41AF-A7BA-1D14DB1E5CC2}.DebugCodeAnalysis|x86.ActiveCfg = Debug|Any CPU
		{76CCE35C-D797-41AF-A7BA-1D14DB1E5CC2}.DebugCodeAnalysis|x86.Build.0 = Debug|Any CPU
		{76CCE35C-D797-41AF-A7BA-1D14DB1E5CC2}.Release|Any CPU.ActiveCfg = Release|Any CPU
		{76CCE35C-D797-41AF-A7BA-1D14DB1E5CC2}.Release|Any CPU.Build.0 = Release|Any CPU
		{76CCE35C-D797-41AF-A7BA-1D14DB1E5CC2}.Release|ARM.ActiveCfg = Release|Any CPU
		{76CCE35C-D797-41AF-A7BA-1D14DB1E5CC2}.Release|ARM.Build.0 = Release|Any CPU
		{76CCE35C-D797-41AF-A7BA-1D14DB1E5CC2}.Release|ARM64.ActiveCfg = Release|Any CPU
		{76CCE35C-D797-41AF-A7BA-1D14DB1E5CC2}.Release|ARM64.Build.0 = Release|Any CPU
		{76CCE35C-D797-41AF-A7BA-1D14DB1E5CC2}.Release|x64.ActiveCfg = Release|Any CPU
		{76CCE35C-D797-41AF-A7BA-1D14DB1E5CC2}.Release|x64.Build.0 = Release|Any CPU
		{76CCE35C-D797-41AF-A7BA-1D14DB1E5CC2}.Release|x86.ActiveCfg = Release|Any CPU
		{76CCE35C-D797-41AF-A7BA-1D14DB1E5CC2}.Release|x86.Build.0 = Release|Any CPU
		{1C38DABB-A2D5-44E9-A9C7-925FFC035827}.Debug|Any CPU.ActiveCfg = Debug|Any CPU
		{1C38DABB-A2D5-44E9-A9C7-925FFC035827}.Debug|Any CPU.Build.0 = Debug|Any CPU
		{1C38DABB-A2D5-44E9-A9C7-925FFC035827}.Debug|ARM.ActiveCfg = Debug|Any CPU
		{1C38DABB-A2D5-44E9-A9C7-925FFC035827}.Debug|ARM.Build.0 = Debug|Any CPU
		{1C38DABB-A2D5-44E9-A9C7-925FFC035827}.Debug|ARM64.ActiveCfg = Debug|Any CPU
		{1C38DABB-A2D5-44E9-A9C7-925FFC035827}.Debug|ARM64.Build.0 = Debug|Any CPU
		{1C38DABB-A2D5-44E9-A9C7-925FFC035827}.Debug|x64.ActiveCfg = Debug|Any CPU
		{1C38DABB-A2D5-44E9-A9C7-925FFC035827}.Debug|x64.Build.0 = Debug|Any CPU
		{1C38DABB-A2D5-44E9-A9C7-925FFC035827}.Debug|x86.ActiveCfg = Debug|Any CPU
		{1C38DABB-A2D5-44E9-A9C7-925FFC035827}.Debug|x86.Build.0 = Debug|Any CPU
		{1C38DABB-A2D5-44E9-A9C7-925FFC035827}.DebugCodeAnalysis|Any CPU.ActiveCfg = Debug|Any CPU
		{1C38DABB-A2D5-44E9-A9C7-925FFC035827}.DebugCodeAnalysis|Any CPU.Build.0 = Debug|Any CPU
		{1C38DABB-A2D5-44E9-A9C7-925FFC035827}.DebugCodeAnalysis|ARM.ActiveCfg = Debug|Any CPU
		{1C38DABB-A2D5-44E9-A9C7-925FFC035827}.DebugCodeAnalysis|ARM.Build.0 = Debug|Any CPU
		{1C38DABB-A2D5-44E9-A9C7-925FFC035827}.DebugCodeAnalysis|ARM64.ActiveCfg = Debug|Any CPU
		{1C38DABB-A2D5-44E9-A9C7-925FFC035827}.DebugCodeAnalysis|ARM64.Build.0 = Debug|Any CPU
		{1C38DABB-A2D5-44E9-A9C7-925FFC035827}.DebugCodeAnalysis|x64.ActiveCfg = Debug|Any CPU
		{1C38DABB-A2D5-44E9-A9C7-925FFC035827}.DebugCodeAnalysis|x64.Build.0 = Debug|Any CPU
		{1C38DABB-A2D5-44E9-A9C7-925FFC035827}.DebugCodeAnalysis|x86.ActiveCfg = Debug|Any CPU
		{1C38DABB-A2D5-44E9-A9C7-925FFC035827}.DebugCodeAnalysis|x86.Build.0 = Debug|Any CPU
		{1C38DABB-A2D5-44E9-A9C7-925FFC035827}.Release|Any CPU.ActiveCfg = Release|Any CPU
		{1C38DABB-A2D5-44E9-A9C7-925FFC035827}.Release|Any CPU.Build.0 = Release|Any CPU
		{1C38DABB-A2D5-44E9-A9C7-925FFC035827}.Release|ARM.ActiveCfg = Release|Any CPU
		{1C38DABB-A2D5-44E9-A9C7-925FFC035827}.Release|ARM.Build.0 = Release|Any CPU
		{1C38DABB-A2D5-44E9-A9C7-925FFC035827}.Release|ARM64.ActiveCfg = Release|Any CPU
		{1C38DABB-A2D5-44E9-A9C7-925FFC035827}.Release|ARM64.Build.0 = Release|Any CPU
		{1C38DABB-A2D5-44E9-A9C7-925FFC035827}.Release|x64.ActiveCfg = Release|Any CPU
		{1C38DABB-A2D5-44E9-A9C7-925FFC035827}.Release|x64.Build.0 = Release|Any CPU
		{1C38DABB-A2D5-44E9-A9C7-925FFC035827}.Release|x86.ActiveCfg = Release|Any CPU
		{1C38DABB-A2D5-44E9-A9C7-925FFC035827}.Release|x86.Build.0 = Release|Any CPU
		{A5539EA9-00D4-4654-A685-D8A368C4037D}.Debug|Any CPU.ActiveCfg = Debug|Any CPU
		{A5539EA9-00D4-4654-A685-D8A368C4037D}.Debug|Any CPU.Build.0 = Debug|Any CPU
		{A5539EA9-00D4-4654-A685-D8A368C4037D}.Debug|ARM.ActiveCfg = Debug|Any CPU
		{A5539EA9-00D4-4654-A685-D8A368C4037D}.Debug|ARM.Build.0 = Debug|Any CPU
		{A5539EA9-00D4-4654-A685-D8A368C4037D}.Debug|ARM64.ActiveCfg = Debug|Any CPU
		{A5539EA9-00D4-4654-A685-D8A368C4037D}.Debug|ARM64.Build.0 = Debug|Any CPU
		{A5539EA9-00D4-4654-A685-D8A368C4037D}.Debug|x64.ActiveCfg = Debug|Any CPU
		{A5539EA9-00D4-4654-A685-D8A368C4037D}.Debug|x64.Build.0 = Debug|Any CPU
		{A5539EA9-00D4-4654-A685-D8A368C4037D}.Debug|x86.ActiveCfg = Debug|Any CPU
		{A5539EA9-00D4-4654-A685-D8A368C4037D}.Debug|x86.Build.0 = Debug|Any CPU
		{A5539EA9-00D4-4654-A685-D8A368C4037D}.DebugCodeAnalysis|Any CPU.ActiveCfg = Debug|Any CPU
		{A5539EA9-00D4-4654-A685-D8A368C4037D}.DebugCodeAnalysis|Any CPU.Build.0 = Debug|Any CPU
		{A5539EA9-00D4-4654-A685-D8A368C4037D}.DebugCodeAnalysis|ARM.ActiveCfg = Debug|Any CPU
		{A5539EA9-00D4-4654-A685-D8A368C4037D}.DebugCodeAnalysis|ARM.Build.0 = Debug|Any CPU
		{A5539EA9-00D4-4654-A685-D8A368C4037D}.DebugCodeAnalysis|ARM64.ActiveCfg = Debug|Any CPU
		{A5539EA9-00D4-4654-A685-D8A368C4037D}.DebugCodeAnalysis|ARM64.Build.0 = Debug|Any CPU
		{A5539EA9-00D4-4654-A685-D8A368C4037D}.DebugCodeAnalysis|x64.ActiveCfg = Debug|Any CPU
		{A5539EA9-00D4-4654-A685-D8A368C4037D}.DebugCodeAnalysis|x64.Build.0 = Debug|Any CPU
		{A5539EA9-00D4-4654-A685-D8A368C4037D}.DebugCodeAnalysis|x86.ActiveCfg = Debug|Any CPU
		{A5539EA9-00D4-4654-A685-D8A368C4037D}.DebugCodeAnalysis|x86.Build.0 = Debug|Any CPU
		{A5539EA9-00D4-4654-A685-D8A368C4037D}.Release|Any CPU.ActiveCfg = Release|Any CPU
		{A5539EA9-00D4-4654-A685-D8A368C4037D}.Release|Any CPU.Build.0 = Release|Any CPU
		{A5539EA9-00D4-4654-A685-D8A368C4037D}.Release|ARM.ActiveCfg = Release|Any CPU
		{A5539EA9-00D4-4654-A685-D8A368C4037D}.Release|ARM.Build.0 = Release|Any CPU
		{A5539EA9-00D4-4654-A685-D8A368C4037D}.Release|ARM64.ActiveCfg = Release|Any CPU
		{A5539EA9-00D4-4654-A685-D8A368C4037D}.Release|ARM64.Build.0 = Release|Any CPU
		{A5539EA9-00D4-4654-A685-D8A368C4037D}.Release|x64.ActiveCfg = Release|Any CPU
		{A5539EA9-00D4-4654-A685-D8A368C4037D}.Release|x64.Build.0 = Release|Any CPU
		{A5539EA9-00D4-4654-A685-D8A368C4037D}.Release|x86.ActiveCfg = Release|Any CPU
		{A5539EA9-00D4-4654-A685-D8A368C4037D}.Release|x86.Build.0 = Release|Any CPU
		{78C6BF15-C2ED-44C8-9370-92CBCD0CD114}.Debug|Any CPU.ActiveCfg = Debug|Any CPU
		{78C6BF15-C2ED-44C8-9370-92CBCD0CD114}.Debug|Any CPU.Build.0 = Debug|Any CPU
		{78C6BF15-C2ED-44C8-9370-92CBCD0CD114}.Debug|ARM.ActiveCfg = Debug|Any CPU
		{78C6BF15-C2ED-44C8-9370-92CBCD0CD114}.Debug|ARM.Build.0 = Debug|Any CPU
		{78C6BF15-C2ED-44C8-9370-92CBCD0CD114}.Debug|ARM64.ActiveCfg = Debug|Any CPU
		{78C6BF15-C2ED-44C8-9370-92CBCD0CD114}.Debug|ARM64.Build.0 = Debug|Any CPU
		{78C6BF15-C2ED-44C8-9370-92CBCD0CD114}.Debug|x64.ActiveCfg = Debug|Any CPU
		{78C6BF15-C2ED-44C8-9370-92CBCD0CD114}.Debug|x64.Build.0 = Debug|Any CPU
		{78C6BF15-C2ED-44C8-9370-92CBCD0CD114}.Debug|x86.ActiveCfg = Debug|Any CPU
		{78C6BF15-C2ED-44C8-9370-92CBCD0CD114}.Debug|x86.Build.0 = Debug|Any CPU
		{78C6BF15-C2ED-44C8-9370-92CBCD0CD114}.DebugCodeAnalysis|Any CPU.ActiveCfg = Debug|Any CPU
		{78C6BF15-C2ED-44C8-9370-92CBCD0CD114}.DebugCodeAnalysis|Any CPU.Build.0 = Debug|Any CPU
		{78C6BF15-C2ED-44C8-9370-92CBCD0CD114}.DebugCodeAnalysis|ARM.ActiveCfg = Debug|Any CPU
		{78C6BF15-C2ED-44C8-9370-92CBCD0CD114}.DebugCodeAnalysis|ARM.Build.0 = Debug|Any CPU
		{78C6BF15-C2ED-44C8-9370-92CBCD0CD114}.DebugCodeAnalysis|ARM64.ActiveCfg = Debug|Any CPU
		{78C6BF15-C2ED-44C8-9370-92CBCD0CD114}.DebugCodeAnalysis|ARM64.Build.0 = Debug|Any CPU
		{78C6BF15-C2ED-44C8-9370-92CBCD0CD114}.DebugCodeAnalysis|x64.ActiveCfg = Debug|Any CPU
		{78C6BF15-C2ED-44C8-9370-92CBCD0CD114}.DebugCodeAnalysis|x64.Build.0 = Debug|Any CPU
		{78C6BF15-C2ED-44C8-9370-92CBCD0CD114}.DebugCodeAnalysis|x86.ActiveCfg = Debug|Any CPU
		{78C6BF15-C2ED-44C8-9370-92CBCD0CD114}.DebugCodeAnalysis|x86.Build.0 = Debug|Any CPU
		{78C6BF15-C2ED-44C8-9370-92CBCD0CD114}.Release|Any CPU.ActiveCfg = Release|Any CPU
		{78C6BF15-C2ED-44C8-9370-92CBCD0CD114}.Release|Any CPU.Build.0 = Release|Any CPU
		{78C6BF15-C2ED-44C8-9370-92CBCD0CD114}.Release|ARM.ActiveCfg = Release|Any CPU
		{78C6BF15-C2ED-44C8-9370-92CBCD0CD114}.Release|ARM.Build.0 = Release|Any CPU
		{78C6BF15-C2ED-44C8-9370-92CBCD0CD114}.Release|ARM64.ActiveCfg = Release|Any CPU
		{78C6BF15-C2ED-44C8-9370-92CBCD0CD114}.Release|ARM64.Build.0 = Release|Any CPU
		{78C6BF15-C2ED-44C8-9370-92CBCD0CD114}.Release|x64.ActiveCfg = Release|Any CPU
		{78C6BF15-C2ED-44C8-9370-92CBCD0CD114}.Release|x64.Build.0 = Release|Any CPU
		{78C6BF15-C2ED-44C8-9370-92CBCD0CD114}.Release|x86.ActiveCfg = Release|Any CPU
		{78C6BF15-C2ED-44C8-9370-92CBCD0CD114}.Release|x86.Build.0 = Release|Any CPU
		{F92995A1-4409-4EE0-8945-8211804E3AB1}.Debug|Any CPU.ActiveCfg = Debug|Any CPU
		{F92995A1-4409-4EE0-8945-8211804E3AB1}.Debug|Any CPU.Build.0 = Debug|Any CPU
		{F92995A1-4409-4EE0-8945-8211804E3AB1}.Debug|ARM.ActiveCfg = Debug|Any CPU
		{F92995A1-4409-4EE0-8945-8211804E3AB1}.Debug|ARM.Build.0 = Debug|Any CPU
		{F92995A1-4409-4EE0-8945-8211804E3AB1}.Debug|ARM64.ActiveCfg = Debug|Any CPU
		{F92995A1-4409-4EE0-8945-8211804E3AB1}.Debug|ARM64.Build.0 = Debug|Any CPU
		{F92995A1-4409-4EE0-8945-8211804E3AB1}.Debug|x64.ActiveCfg = Debug|Any CPU
		{F92995A1-4409-4EE0-8945-8211804E3AB1}.Debug|x64.Build.0 = Debug|Any CPU
		{F92995A1-4409-4EE0-8945-8211804E3AB1}.Debug|x86.ActiveCfg = Debug|Any CPU
		{F92995A1-4409-4EE0-8945-8211804E3AB1}.Debug|x86.Build.0 = Debug|Any CPU
		{F92995A1-4409-4EE0-8945-8211804E3AB1}.DebugCodeAnalysis|Any CPU.ActiveCfg = Debug|Any CPU
		{F92995A1-4409-4EE0-8945-8211804E3AB1}.DebugCodeAnalysis|Any CPU.Build.0 = Debug|Any CPU
		{F92995A1-4409-4EE0-8945-8211804E3AB1}.DebugCodeAnalysis|ARM.ActiveCfg = Debug|Any CPU
		{F92995A1-4409-4EE0-8945-8211804E3AB1}.DebugCodeAnalysis|ARM.Build.0 = Debug|Any CPU
		{F92995A1-4409-4EE0-8945-8211804E3AB1}.DebugCodeAnalysis|ARM64.ActiveCfg = Debug|Any CPU
		{F92995A1-4409-4EE0-8945-8211804E3AB1}.DebugCodeAnalysis|ARM64.Build.0 = Debug|Any CPU
		{F92995A1-4409-4EE0-8945-8211804E3AB1}.DebugCodeAnalysis|x64.ActiveCfg = Debug|Any CPU
		{F92995A1-4409-4EE0-8945-8211804E3AB1}.DebugCodeAnalysis|x64.Build.0 = Debug|Any CPU
		{F92995A1-4409-4EE0-8945-8211804E3AB1}.DebugCodeAnalysis|x86.ActiveCfg = Debug|Any CPU
		{F92995A1-4409-4EE0-8945-8211804E3AB1}.DebugCodeAnalysis|x86.Build.0 = Debug|Any CPU
		{F92995A1-4409-4EE0-8945-8211804E3AB1}.Release|Any CPU.ActiveCfg = Release|Any CPU
		{F92995A1-4409-4EE0-8945-8211804E3AB1}.Release|Any CPU.Build.0 = Release|Any CPU
		{F92995A1-4409-4EE0-8945-8211804E3AB1}.Release|ARM.ActiveCfg = Release|Any CPU
		{F92995A1-4409-4EE0-8945-8211804E3AB1}.Release|ARM.Build.0 = Release|Any CPU
		{F92995A1-4409-4EE0-8945-8211804E3AB1}.Release|ARM64.ActiveCfg = Release|Any CPU
		{F92995A1-4409-4EE0-8945-8211804E3AB1}.Release|ARM64.Build.0 = Release|Any CPU
		{F92995A1-4409-4EE0-8945-8211804E3AB1}.Release|x64.ActiveCfg = Release|Any CPU
		{F92995A1-4409-4EE0-8945-8211804E3AB1}.Release|x64.Build.0 = Release|Any CPU
		{F92995A1-4409-4EE0-8945-8211804E3AB1}.Release|x86.ActiveCfg = Release|Any CPU
		{F92995A1-4409-4EE0-8945-8211804E3AB1}.Release|x86.Build.0 = Release|Any CPU
		{D642986D-19C4-4EC3-97A9-0C6B575E425F}.Debug|Any CPU.ActiveCfg = Debug|Any CPU
		{D642986D-19C4-4EC3-97A9-0C6B575E425F}.Debug|Any CPU.Build.0 = Debug|Any CPU
		{D642986D-19C4-4EC3-97A9-0C6B575E425F}.Debug|ARM.ActiveCfg = Debug|Any CPU
		{D642986D-19C4-4EC3-97A9-0C6B575E425F}.Debug|ARM.Build.0 = Debug|Any CPU
		{D642986D-19C4-4EC3-97A9-0C6B575E425F}.Debug|ARM64.ActiveCfg = Debug|Any CPU
		{D642986D-19C4-4EC3-97A9-0C6B575E425F}.Debug|ARM64.Build.0 = Debug|Any CPU
		{D642986D-19C4-4EC3-97A9-0C6B575E425F}.Debug|x64.ActiveCfg = Debug|Any CPU
		{D642986D-19C4-4EC3-97A9-0C6B575E425F}.Debug|x64.Build.0 = Debug|Any CPU
		{D642986D-19C4-4EC3-97A9-0C6B575E425F}.Debug|x86.ActiveCfg = Debug|Any CPU
		{D642986D-19C4-4EC3-97A9-0C6B575E425F}.Debug|x86.Build.0 = Debug|Any CPU
		{D642986D-19C4-4EC3-97A9-0C6B575E425F}.DebugCodeAnalysis|Any CPU.ActiveCfg = Debug|Any CPU
		{D642986D-19C4-4EC3-97A9-0C6B575E425F}.DebugCodeAnalysis|Any CPU.Build.0 = Debug|Any CPU
		{D642986D-19C4-4EC3-97A9-0C6B575E425F}.DebugCodeAnalysis|ARM.ActiveCfg = Debug|Any CPU
		{D642986D-19C4-4EC3-97A9-0C6B575E425F}.DebugCodeAnalysis|ARM.Build.0 = Debug|Any CPU
		{D642986D-19C4-4EC3-97A9-0C6B575E425F}.DebugCodeAnalysis|ARM64.ActiveCfg = Debug|Any CPU
		{D642986D-19C4-4EC3-97A9-0C6B575E425F}.DebugCodeAnalysis|ARM64.Build.0 = Debug|Any CPU
		{D642986D-19C4-4EC3-97A9-0C6B575E425F}.DebugCodeAnalysis|x64.ActiveCfg = Debug|Any CPU
		{D642986D-19C4-4EC3-97A9-0C6B575E425F}.DebugCodeAnalysis|x64.Build.0 = Debug|Any CPU
		{D642986D-19C4-4EC3-97A9-0C6B575E425F}.DebugCodeAnalysis|x86.ActiveCfg = Debug|Any CPU
		{D642986D-19C4-4EC3-97A9-0C6B575E425F}.DebugCodeAnalysis|x86.Build.0 = Debug|Any CPU
		{D642986D-19C4-4EC3-97A9-0C6B575E425F}.Release|Any CPU.ActiveCfg = Release|Any CPU
		{D642986D-19C4-4EC3-97A9-0C6B575E425F}.Release|Any CPU.Build.0 = Release|Any CPU
		{D642986D-19C4-4EC3-97A9-0C6B575E425F}.Release|ARM.ActiveCfg = Release|Any CPU
		{D642986D-19C4-4EC3-97A9-0C6B575E425F}.Release|ARM.Build.0 = Release|Any CPU
		{D642986D-19C4-4EC3-97A9-0C6B575E425F}.Release|ARM64.ActiveCfg = Release|Any CPU
		{D642986D-19C4-4EC3-97A9-0C6B575E425F}.Release|ARM64.Build.0 = Release|Any CPU
		{D642986D-19C4-4EC3-97A9-0C6B575E425F}.Release|x64.ActiveCfg = Release|Any CPU
		{D642986D-19C4-4EC3-97A9-0C6B575E425F}.Release|x64.Build.0 = Release|Any CPU
		{D642986D-19C4-4EC3-97A9-0C6B575E425F}.Release|x86.ActiveCfg = Release|Any CPU
		{D642986D-19C4-4EC3-97A9-0C6B575E425F}.Release|x86.Build.0 = Release|Any CPU
		{4E0C22FB-F788-457B-A4E7-C258F73EDB4B}.Debug|Any CPU.ActiveCfg = Debug|Any CPU
		{4E0C22FB-F788-457B-A4E7-C258F73EDB4B}.Debug|Any CPU.Build.0 = Debug|Any CPU
		{4E0C22FB-F788-457B-A4E7-C258F73EDB4B}.Debug|ARM.ActiveCfg = Debug|Any CPU
		{4E0C22FB-F788-457B-A4E7-C258F73EDB4B}.Debug|ARM.Build.0 = Debug|Any CPU
		{4E0C22FB-F788-457B-A4E7-C258F73EDB4B}.Debug|ARM64.ActiveCfg = Debug|Any CPU
		{4E0C22FB-F788-457B-A4E7-C258F73EDB4B}.Debug|ARM64.Build.0 = Debug|Any CPU
		{4E0C22FB-F788-457B-A4E7-C258F73EDB4B}.Debug|x64.ActiveCfg = Debug|Any CPU
		{4E0C22FB-F788-457B-A4E7-C258F73EDB4B}.Debug|x64.Build.0 = Debug|Any CPU
		{4E0C22FB-F788-457B-A4E7-C258F73EDB4B}.Debug|x86.ActiveCfg = Debug|Any CPU
		{4E0C22FB-F788-457B-A4E7-C258F73EDB4B}.Debug|x86.Build.0 = Debug|Any CPU
		{4E0C22FB-F788-457B-A4E7-C258F73EDB4B}.DebugCodeAnalysis|Any CPU.ActiveCfg = Debug|Any CPU
		{4E0C22FB-F788-457B-A4E7-C258F73EDB4B}.DebugCodeAnalysis|Any CPU.Build.0 = Debug|Any CPU
		{4E0C22FB-F788-457B-A4E7-C258F73EDB4B}.DebugCodeAnalysis|ARM.ActiveCfg = Debug|Any CPU
		{4E0C22FB-F788-457B-A4E7-C258F73EDB4B}.DebugCodeAnalysis|ARM.Build.0 = Debug|Any CPU
		{4E0C22FB-F788-457B-A4E7-C258F73EDB4B}.DebugCodeAnalysis|ARM64.ActiveCfg = Debug|Any CPU
		{4E0C22FB-F788-457B-A4E7-C258F73EDB4B}.DebugCodeAnalysis|ARM64.Build.0 = Debug|Any CPU
		{4E0C22FB-F788-457B-A4E7-C258F73EDB4B}.DebugCodeAnalysis|x64.ActiveCfg = Debug|Any CPU
		{4E0C22FB-F788-457B-A4E7-C258F73EDB4B}.DebugCodeAnalysis|x64.Build.0 = Debug|Any CPU
		{4E0C22FB-F788-457B-A4E7-C258F73EDB4B}.DebugCodeAnalysis|x86.ActiveCfg = Debug|Any CPU
		{4E0C22FB-F788-457B-A4E7-C258F73EDB4B}.DebugCodeAnalysis|x86.Build.0 = Debug|Any CPU
		{4E0C22FB-F788-457B-A4E7-C258F73EDB4B}.Release|Any CPU.ActiveCfg = Release|Any CPU
		{4E0C22FB-F788-457B-A4E7-C258F73EDB4B}.Release|Any CPU.Build.0 = Release|Any CPU
		{4E0C22FB-F788-457B-A4E7-C258F73EDB4B}.Release|ARM.ActiveCfg = Release|Any CPU
		{4E0C22FB-F788-457B-A4E7-C258F73EDB4B}.Release|ARM.Build.0 = Release|Any CPU
		{4E0C22FB-F788-457B-A4E7-C258F73EDB4B}.Release|ARM64.ActiveCfg = Release|Any CPU
		{4E0C22FB-F788-457B-A4E7-C258F73EDB4B}.Release|ARM64.Build.0 = Release|Any CPU
		{4E0C22FB-F788-457B-A4E7-C258F73EDB4B}.Release|x64.ActiveCfg = Release|Any CPU
		{4E0C22FB-F788-457B-A4E7-C258F73EDB4B}.Release|x64.Build.0 = Release|Any CPU
		{4E0C22FB-F788-457B-A4E7-C258F73EDB4B}.Release|x86.ActiveCfg = Release|Any CPU
		{4E0C22FB-F788-457B-A4E7-C258F73EDB4B}.Release|x86.Build.0 = Release|Any CPU
		{D115F9F0-1E5E-4251-888F-18B1F40AC19F}.Debug|Any CPU.ActiveCfg = Debug|Any CPU
		{D115F9F0-1E5E-4251-888F-18B1F40AC19F}.Debug|Any CPU.Build.0 = Debug|Any CPU
		{D115F9F0-1E5E-4251-888F-18B1F40AC19F}.Debug|ARM.ActiveCfg = Debug|Any CPU
		{D115F9F0-1E5E-4251-888F-18B1F40AC19F}.Debug|ARM.Build.0 = Debug|Any CPU
		{D115F9F0-1E5E-4251-888F-18B1F40AC19F}.Debug|ARM64.ActiveCfg = Debug|Any CPU
		{D115F9F0-1E5E-4251-888F-18B1F40AC19F}.Debug|ARM64.Build.0 = Debug|Any CPU
		{D115F9F0-1E5E-4251-888F-18B1F40AC19F}.Debug|x64.ActiveCfg = Debug|Any CPU
		{D115F9F0-1E5E-4251-888F-18B1F40AC19F}.Debug|x64.Build.0 = Debug|Any CPU
		{D115F9F0-1E5E-4251-888F-18B1F40AC19F}.Debug|x86.ActiveCfg = Debug|Any CPU
		{D115F9F0-1E5E-4251-888F-18B1F40AC19F}.Debug|x86.Build.0 = Debug|Any CPU
		{D115F9F0-1E5E-4251-888F-18B1F40AC19F}.DebugCodeAnalysis|Any CPU.ActiveCfg = Debug|Any CPU
		{D115F9F0-1E5E-4251-888F-18B1F40AC19F}.DebugCodeAnalysis|Any CPU.Build.0 = Debug|Any CPU
		{D115F9F0-1E5E-4251-888F-18B1F40AC19F}.DebugCodeAnalysis|ARM.ActiveCfg = Debug|Any CPU
		{D115F9F0-1E5E-4251-888F-18B1F40AC19F}.DebugCodeAnalysis|ARM.Build.0 = Debug|Any CPU
		{D115F9F0-1E5E-4251-888F-18B1F40AC19F}.DebugCodeAnalysis|ARM64.ActiveCfg = Debug|Any CPU
		{D115F9F0-1E5E-4251-888F-18B1F40AC19F}.DebugCodeAnalysis|ARM64.Build.0 = Debug|Any CPU
		{D115F9F0-1E5E-4251-888F-18B1F40AC19F}.DebugCodeAnalysis|x64.ActiveCfg = Debug|Any CPU
		{D115F9F0-1E5E-4251-888F-18B1F40AC19F}.DebugCodeAnalysis|x64.Build.0 = Debug|Any CPU
		{D115F9F0-1E5E-4251-888F-18B1F40AC19F}.DebugCodeAnalysis|x86.ActiveCfg = Debug|Any CPU
		{D115F9F0-1E5E-4251-888F-18B1F40AC19F}.DebugCodeAnalysis|x86.Build.0 = Debug|Any CPU
		{D115F9F0-1E5E-4251-888F-18B1F40AC19F}.Release|Any CPU.ActiveCfg = Release|Any CPU
		{D115F9F0-1E5E-4251-888F-18B1F40AC19F}.Release|Any CPU.Build.0 = Release|Any CPU
		{D115F9F0-1E5E-4251-888F-18B1F40AC19F}.Release|ARM.ActiveCfg = Release|Any CPU
		{D115F9F0-1E5E-4251-888F-18B1F40AC19F}.Release|ARM.Build.0 = Release|Any CPU
		{D115F9F0-1E5E-4251-888F-18B1F40AC19F}.Release|ARM64.ActiveCfg = Release|Any CPU
		{D115F9F0-1E5E-4251-888F-18B1F40AC19F}.Release|ARM64.Build.0 = Release|Any CPU
		{D115F9F0-1E5E-4251-888F-18B1F40AC19F}.Release|x64.ActiveCfg = Release|Any CPU
		{D115F9F0-1E5E-4251-888F-18B1F40AC19F}.Release|x64.Build.0 = Release|Any CPU
		{D115F9F0-1E5E-4251-888F-18B1F40AC19F}.Release|x86.ActiveCfg = Release|Any CPU
		{D115F9F0-1E5E-4251-888F-18B1F40AC19F}.Release|x86.Build.0 = Release|Any CPU
		{7283420A-D0D6-4F8B-9C6A-1638517D685A}.Debug|Any CPU.ActiveCfg = Debug|Any CPU
		{7283420A-D0D6-4F8B-9C6A-1638517D685A}.Debug|Any CPU.Build.0 = Debug|Any CPU
		{7283420A-D0D6-4F8B-9C6A-1638517D685A}.Debug|ARM.ActiveCfg = Debug|Any CPU
		{7283420A-D0D6-4F8B-9C6A-1638517D685A}.Debug|ARM.Build.0 = Debug|Any CPU
		{7283420A-D0D6-4F8B-9C6A-1638517D685A}.Debug|ARM64.ActiveCfg = Debug|Any CPU
		{7283420A-D0D6-4F8B-9C6A-1638517D685A}.Debug|ARM64.Build.0 = Debug|Any CPU
		{7283420A-D0D6-4F8B-9C6A-1638517D685A}.Debug|x64.ActiveCfg = Debug|Any CPU
		{7283420A-D0D6-4F8B-9C6A-1638517D685A}.Debug|x64.Build.0 = Debug|Any CPU
		{7283420A-D0D6-4F8B-9C6A-1638517D685A}.Debug|x86.ActiveCfg = Debug|Any CPU
		{7283420A-D0D6-4F8B-9C6A-1638517D685A}.Debug|x86.Build.0 = Debug|Any CPU
		{7283420A-D0D6-4F8B-9C6A-1638517D685A}.DebugCodeAnalysis|Any CPU.ActiveCfg = Debug|Any CPU
		{7283420A-D0D6-4F8B-9C6A-1638517D685A}.DebugCodeAnalysis|Any CPU.Build.0 = Debug|Any CPU
		{7283420A-D0D6-4F8B-9C6A-1638517D685A}.DebugCodeAnalysis|ARM.ActiveCfg = Debug|Any CPU
		{7283420A-D0D6-4F8B-9C6A-1638517D685A}.DebugCodeAnalysis|ARM.Build.0 = Debug|Any CPU
		{7283420A-D0D6-4F8B-9C6A-1638517D685A}.DebugCodeAnalysis|ARM64.ActiveCfg = Debug|Any CPU
		{7283420A-D0D6-4F8B-9C6A-1638517D685A}.DebugCodeAnalysis|ARM64.Build.0 = Debug|Any CPU
		{7283420A-D0D6-4F8B-9C6A-1638517D685A}.DebugCodeAnalysis|x64.ActiveCfg = Debug|Any CPU
		{7283420A-D0D6-4F8B-9C6A-1638517D685A}.DebugCodeAnalysis|x64.Build.0 = Debug|Any CPU
		{7283420A-D0D6-4F8B-9C6A-1638517D685A}.DebugCodeAnalysis|x86.ActiveCfg = Debug|Any CPU
		{7283420A-D0D6-4F8B-9C6A-1638517D685A}.DebugCodeAnalysis|x86.Build.0 = Debug|Any CPU
		{7283420A-D0D6-4F8B-9C6A-1638517D685A}.Release|Any CPU.ActiveCfg = Release|Any CPU
		{7283420A-D0D6-4F8B-9C6A-1638517D685A}.Release|Any CPU.Build.0 = Release|Any CPU
		{7283420A-D0D6-4F8B-9C6A-1638517D685A}.Release|ARM.ActiveCfg = Release|Any CPU
		{7283420A-D0D6-4F8B-9C6A-1638517D685A}.Release|ARM.Build.0 = Release|Any CPU
		{7283420A-D0D6-4F8B-9C6A-1638517D685A}.Release|ARM64.ActiveCfg = Release|Any CPU
		{7283420A-D0D6-4F8B-9C6A-1638517D685A}.Release|ARM64.Build.0 = Release|Any CPU
		{7283420A-D0D6-4F8B-9C6A-1638517D685A}.Release|x64.ActiveCfg = Release|Any CPU
		{7283420A-D0D6-4F8B-9C6A-1638517D685A}.Release|x64.Build.0 = Release|Any CPU
		{7283420A-D0D6-4F8B-9C6A-1638517D685A}.Release|x86.ActiveCfg = Release|Any CPU
		{7283420A-D0D6-4F8B-9C6A-1638517D685A}.Release|x86.Build.0 = Release|Any CPU
		{37502E04-4567-456C-A228-3A522E10D554}.Debug|Any CPU.ActiveCfg = Debug|Any CPU
		{37502E04-4567-456C-A228-3A522E10D554}.Debug|Any CPU.Build.0 = Debug|Any CPU
		{37502E04-4567-456C-A228-3A522E10D554}.Debug|ARM.ActiveCfg = Debug|Any CPU
		{37502E04-4567-456C-A228-3A522E10D554}.Debug|ARM.Build.0 = Debug|Any CPU
		{37502E04-4567-456C-A228-3A522E10D554}.Debug|ARM64.ActiveCfg = Debug|Any CPU
		{37502E04-4567-456C-A228-3A522E10D554}.Debug|ARM64.Build.0 = Debug|Any CPU
		{37502E04-4567-456C-A228-3A522E10D554}.Debug|x64.ActiveCfg = Debug|Any CPU
		{37502E04-4567-456C-A228-3A522E10D554}.Debug|x64.Build.0 = Debug|Any CPU
		{37502E04-4567-456C-A228-3A522E10D554}.Debug|x86.ActiveCfg = Debug|Any CPU
		{37502E04-4567-456C-A228-3A522E10D554}.Debug|x86.Build.0 = Debug|Any CPU
		{37502E04-4567-456C-A228-3A522E10D554}.DebugCodeAnalysis|Any CPU.ActiveCfg = Debug|Any CPU
		{37502E04-4567-456C-A228-3A522E10D554}.DebugCodeAnalysis|Any CPU.Build.0 = Debug|Any CPU
		{37502E04-4567-456C-A228-3A522E10D554}.DebugCodeAnalysis|ARM.ActiveCfg = Debug|Any CPU
		{37502E04-4567-456C-A228-3A522E10D554}.DebugCodeAnalysis|ARM.Build.0 = Debug|Any CPU
		{37502E04-4567-456C-A228-3A522E10D554}.DebugCodeAnalysis|ARM64.ActiveCfg = Debug|Any CPU
		{37502E04-4567-456C-A228-3A522E10D554}.DebugCodeAnalysis|ARM64.Build.0 = Debug|Any CPU
		{37502E04-4567-456C-A228-3A522E10D554}.DebugCodeAnalysis|x64.ActiveCfg = Debug|Any CPU
		{37502E04-4567-456C-A228-3A522E10D554}.DebugCodeAnalysis|x64.Build.0 = Debug|Any CPU
		{37502E04-4567-456C-A228-3A522E10D554}.DebugCodeAnalysis|x86.ActiveCfg = Debug|Any CPU
		{37502E04-4567-456C-A228-3A522E10D554}.DebugCodeAnalysis|x86.Build.0 = Debug|Any CPU
		{37502E04-4567-456C-A228-3A522E10D554}.Release|Any CPU.ActiveCfg = Release|Any CPU
		{37502E04-4567-456C-A228-3A522E10D554}.Release|Any CPU.Build.0 = Release|Any CPU
		{37502E04-4567-456C-A228-3A522E10D554}.Release|ARM.ActiveCfg = Release|Any CPU
		{37502E04-4567-456C-A228-3A522E10D554}.Release|ARM.Build.0 = Release|Any CPU
		{37502E04-4567-456C-A228-3A522E10D554}.Release|ARM64.ActiveCfg = Release|Any CPU
		{37502E04-4567-456C-A228-3A522E10D554}.Release|ARM64.Build.0 = Release|Any CPU
		{37502E04-4567-456C-A228-3A522E10D554}.Release|x64.ActiveCfg = Release|Any CPU
		{37502E04-4567-456C-A228-3A522E10D554}.Release|x64.Build.0 = Release|Any CPU
		{37502E04-4567-456C-A228-3A522E10D554}.Release|x86.ActiveCfg = Release|Any CPU
		{37502E04-4567-456C-A228-3A522E10D554}.Release|x86.Build.0 = Release|Any CPU
		{708A37A8-BF1D-4012-AC2E-8E7E5B016504}.Debug|Any CPU.ActiveCfg = Debug|Any CPU
		{708A37A8-BF1D-4012-AC2E-8E7E5B016504}.Debug|Any CPU.Build.0 = Debug|Any CPU
		{708A37A8-BF1D-4012-AC2E-8E7E5B016504}.Debug|ARM.ActiveCfg = Debug|Any CPU
		{708A37A8-BF1D-4012-AC2E-8E7E5B016504}.Debug|ARM.Build.0 = Debug|Any CPU
		{708A37A8-BF1D-4012-AC2E-8E7E5B016504}.Debug|ARM64.ActiveCfg = Debug|Any CPU
		{708A37A8-BF1D-4012-AC2E-8E7E5B016504}.Debug|ARM64.Build.0 = Debug|Any CPU
		{708A37A8-BF1D-4012-AC2E-8E7E5B016504}.Debug|x64.ActiveCfg = Debug|Any CPU
		{708A37A8-BF1D-4012-AC2E-8E7E5B016504}.Debug|x64.Build.0 = Debug|Any CPU
		{708A37A8-BF1D-4012-AC2E-8E7E5B016504}.Debug|x86.ActiveCfg = Debug|Any CPU
		{708A37A8-BF1D-4012-AC2E-8E7E5B016504}.Debug|x86.Build.0 = Debug|Any CPU
		{708A37A8-BF1D-4012-AC2E-8E7E5B016504}.DebugCodeAnalysis|Any CPU.ActiveCfg = Debug|Any CPU
		{708A37A8-BF1D-4012-AC2E-8E7E5B016504}.DebugCodeAnalysis|Any CPU.Build.0 = Debug|Any CPU
		{708A37A8-BF1D-4012-AC2E-8E7E5B016504}.DebugCodeAnalysis|ARM.ActiveCfg = Debug|Any CPU
		{708A37A8-BF1D-4012-AC2E-8E7E5B016504}.DebugCodeAnalysis|ARM.Build.0 = Debug|Any CPU
		{708A37A8-BF1D-4012-AC2E-8E7E5B016504}.DebugCodeAnalysis|ARM64.ActiveCfg = Debug|Any CPU
		{708A37A8-BF1D-4012-AC2E-8E7E5B016504}.DebugCodeAnalysis|ARM64.Build.0 = Debug|Any CPU
		{708A37A8-BF1D-4012-AC2E-8E7E5B016504}.DebugCodeAnalysis|x64.ActiveCfg = Debug|Any CPU
		{708A37A8-BF1D-4012-AC2E-8E7E5B016504}.DebugCodeAnalysis|x64.Build.0 = Debug|Any CPU
		{708A37A8-BF1D-4012-AC2E-8E7E5B016504}.DebugCodeAnalysis|x86.ActiveCfg = Debug|Any CPU
		{708A37A8-BF1D-4012-AC2E-8E7E5B016504}.DebugCodeAnalysis|x86.Build.0 = Debug|Any CPU
		{708A37A8-BF1D-4012-AC2E-8E7E5B016504}.Release|Any CPU.ActiveCfg = Release|Any CPU
		{708A37A8-BF1D-4012-AC2E-8E7E5B016504}.Release|Any CPU.Build.0 = Release|Any CPU
		{708A37A8-BF1D-4012-AC2E-8E7E5B016504}.Release|ARM.ActiveCfg = Release|Any CPU
		{708A37A8-BF1D-4012-AC2E-8E7E5B016504}.Release|ARM.Build.0 = Release|Any CPU
		{708A37A8-BF1D-4012-AC2E-8E7E5B016504}.Release|ARM64.ActiveCfg = Release|Any CPU
		{708A37A8-BF1D-4012-AC2E-8E7E5B016504}.Release|ARM64.Build.0 = Release|Any CPU
		{708A37A8-BF1D-4012-AC2E-8E7E5B016504}.Release|x64.ActiveCfg = Release|Any CPU
		{708A37A8-BF1D-4012-AC2E-8E7E5B016504}.Release|x64.Build.0 = Release|Any CPU
		{708A37A8-BF1D-4012-AC2E-8E7E5B016504}.Release|x86.ActiveCfg = Release|Any CPU
		{708A37A8-BF1D-4012-AC2E-8E7E5B016504}.Release|x86.Build.0 = Release|Any CPU
	EndGlobalSection
	GlobalSection(SolutionProperties) = preSolution
		HideSolutionNode = FALSE
	EndGlobalSection
	GlobalSection(NestedProjects) = preSolution
		{4A6E57B4-12F8-4862-A6C2-7AB0A4431351} = {2F20B668-4A23-41BA-82B3-31832B8B4CBE}
		{060E3641-EB92-476F-87B9-98392FD68DDB} = {2F20B668-4A23-41BA-82B3-31832B8B4CBE}
		{6842C7A6-F9B5-4A12-BB0B-9F34A305035F} = {4A6E57B4-12F8-4862-A6C2-7AB0A4431351}
		{BA8605AC-87DF-4565-908A-756A9557C454} = {D3294509-1340-4682-BFF4-03C75B6FBED9}
		{D115F9F0-1E5E-4251-888F-18B1F40AC19F} = {BA8605AC-87DF-4565-908A-756A9557C454}
		{C2BDB829-3A58-414D-AF8B-F31736171438} = {D3294509-1340-4682-BFF4-03C75B6FBED9}
		{4E0C22FB-F788-457B-A4E7-C258F73EDB4B} = {C2BDB829-3A58-414D-AF8B-F31736171438}
		{BAFED6BB-66CF-4847-BBB2-6D58B211FBAF} = {D3294509-1340-4682-BFF4-03C75B6FBED9}
		{78C6BF15-C2ED-44C8-9370-92CBCD0CD114} = {BAFED6BB-66CF-4847-BBB2-6D58B211FBAF}
		{8A241DB4-2486-49E7-BAF1-07A6A152B5D7} = {D3294509-1340-4682-BFF4-03C75B6FBED9}
		{708A37A8-BF1D-4012-AC2E-8E7E5B016504} = {8A241DB4-2486-49E7-BAF1-07A6A152B5D7}
		{D1294F46-03D5-49EB-B32A-BFC6FD939CC5} = {D3294509-1340-4682-BFF4-03C75B6FBED9}
		{A5539EA9-00D4-4654-A685-D8A368C4037D} = {D1294F46-03D5-49EB-B32A-BFC6FD939CC5}
		{002ACA64-B686-400F-8C8B-D63D2442AC88} = {D3294509-1340-4682-BFF4-03C75B6FBED9}
		{D642986D-19C4-4EC3-97A9-0C6B575E425F} = {002ACA64-B686-400F-8C8B-D63D2442AC88}
		{105A9D34-F435-4840-AA1D-2C4F645827C4} = {D3294509-1340-4682-BFF4-03C75B6FBED9}
		{1C38DABB-A2D5-44E9-A9C7-925FFC035827} = {105A9D34-F435-4840-AA1D-2C4F645827C4}
	EndGlobalSection
	GlobalSection(ExtensibilityGlobals) = postSolution
		SolutionGuid = {6F1C0A09-DE09-425B-A41B-339B1155FAE5}
	EndGlobalSection
EndGlobal
